
Microsoft Visual Studio Solution File, Format Version 12.00
# Visual Studio Version 17
VisualStudioVersion = 17.1.32319.34
MinimumVisualStudioVersion = 10.0.40219.1
Project("{2150E333-8FDC-42A3-9474-1A3956D46DE8}") = "CQRS-ES", "CQRS-ES", "{97B5345B-E107-4347-B09D-608663D86B61}"
EndProject
Project("{2150E333-8FDC-42A3-9474-1A3956D46DE8}") = "SM-Post", "SM-Post", "{D9DF2968-AB77-4B66-B950-563F607CF587}"
EndProject
Project("{2150E333-8FDC-42A3-9474-1A3956D46DE8}") = "Post.Cmd", "Post.Cmd", "{D8C884BA-C9B9-4443-A7C6-2F61D4495220}"
EndProject
Project("{2150E333-8FDC-42A3-9474-1A3956D46DE8}") = "Post.Query", "Post.Query", "{AA6773BA-ACDE-4039-9466-7E4CA4FA0159}"
EndProject
Project("{FAE04EC0-301F-11D3-BF4B-00C04F79EFBC}") = "CQRS.Core", "CQRS-ES\CQRS.Core\CQRS.Core.csproj", "{7CF625C0-543D-4553-B774-CA3E77045534}"
EndProject
Project("{FAE04EC0-301F-11D3-BF4B-00C04F79EFBC}") = "Post.Cmd.Api", "SM-Post\Post.Cmd\Post.Cmd.Api\Post.Cmd.Api.csproj", "{344E5502-92A4-4D54-A7D3-1BA79A1E5748}"
EndProject
Project("{FAE04EC0-301F-11D3-BF4B-00C04F79EFBC}") = "Post.Cmd.Domain", "SM-Post\Post.Cmd\Post.Cmd.Domain\Post.Cmd.Domain.csproj", "{455AB887-7DA2-4778-81A1-B6212D237B53}"
EndProject
Project("{FAE04EC0-301F-11D3-BF4B-00C04F79EFBC}") = "Post.Cmd.Infrastructure", "SM-Post\Post.Cmd\Post.Cmd.Infrastructure\Post.Cmd.Infrastructure.csproj", "{E8454186-B21E-48D1-AB7E-5D4933088379}"
EndProject
Project("{FAE04EC0-301F-11D3-BF4B-00C04F79EFBC}") = "Post.Query.Api", "SM-Post\Post.Query\Post.Query.Api\Post.Query.Api.csproj", "{1B45D7A8-6AA0-49FD-8FAA-F602A13942B2}"
EndProject
Project("{FAE04EC0-301F-11D3-BF4B-00C04F79EFBC}") = "Post.Query.Domain", "SM-Post\Post.Query\Post.Query.Domain\Post.Query.Domain.csproj", "{523DFAB4-8852-45DA-AE69-9F902F2A9BA4}"
EndProject
Project("{FAE04EC0-301F-11D3-BF4B-00C04F79EFBC}") = "Post.Query.Infrastructure", "SM-Post\Post.Query\Post.Query.Infrastructure\Post.Query.Infrastructure.csproj", "{DF3D2918-5116-4A16-95A1-190F94D720D6}"
EndProject
Global
	GlobalSection(SolutionConfigurationPlatforms) = preSolution
		Debug|Any CPU = Debug|Any CPU
		Release|Any CPU = Release|Any CPU
	EndGlobalSection
	GlobalSection(ProjectConfigurationPlatforms) = postSolution
		{7CF625C0-543D-4553-B774-CA3E77045534}.Debug|Any CPU.ActiveCfg = Debug|Any CPU
		{7CF625C0-543D-4553-B774-CA3E77045534}.Debug|Any CPU.Build.0 = Debug|Any CPU
		{7CF625C0-543D-4553-B774-CA3E77045534}.Release|Any CPU.ActiveCfg = Release|Any CPU
		{7CF625C0-543D-4553-B774-CA3E77045534}.Release|Any CPU.Build.0 = Release|Any CPU
		{344E5502-92A4-4D54-A7D3-1BA79A1E5748}.Debug|Any CPU.ActiveCfg = Debug|Any CPU
		{344E5502-92A4-4D54-A7D3-1BA79A1E5748}.Debug|Any CPU.Build.0 = Debug|Any CPU
		{344E5502-92A4-4D54-A7D3-1BA79A1E5748}.Release|Any CPU.ActiveCfg = Release|Any CPU
		{344E5502-92A4-4D54-A7D3-1BA79A1E5748}.Release|Any CPU.Build.0 = Release|Any CPU
		{455AB887-7DA2-4778-81A1-B6212D237B53}.Debug|Any CPU.ActiveCfg = Debug|Any CPU
		{455AB887-7DA2-4778-81A1-B6212D237B53}.Debug|Any CPU.Build.0 = Debug|Any CPU
		{455AB887-7DA2-4778-81A1-B6212D237B53}.Release|Any CPU.ActiveCfg = Release|Any CPU
		{455AB887-7DA2-4778-81A1-B6212D237B53}.Release|Any CPU.Build.0 = Release|Any CPU
		{E8454186-B21E-48D1-AB7E-5D4933088379}.Debug|Any CPU.ActiveCfg = Debug|Any CPU
		{E8454186-B21E-48D1-AB7E-5D4933088379}.Debug|Any CPU.Build.0 = Debug|Any CPU
		{E8454186-B21E-48D1-AB7E-5D4933088379}.Release|Any CPU.ActiveCfg = Release|Any CPU
		{E8454186-B21E-48D1-AB7E-5D4933088379}.Release|Any CPU.Build.0 = Release|Any CPU
		{1B45D7A8-6AA0-49FD-8FAA-F602A13942B2}.Debug|Any CPU.ActiveCfg = Debug|Any CPU
		{1B45D7A8-6AA0-49FD-8FAA-F602A13942B2}.Debug|Any CPU.Build.0 = Debug|Any CPU
		{1B45D7A8-6AA0-49FD-8FAA-F602A13942B2}.Release|Any CPU.ActiveCfg = Release|Any CPU
		{1B45D7A8-6AA0-49FD-8FAA-F602A13942B2}.Release|Any CPU.Build.0 = Release|Any CPU
		{523DFAB4-8852-45DA-AE69-9F902F2A9BA4}.Debug|Any CPU.ActiveCfg = Debug|Any CPU
		{523DFAB4-8852-45DA-AE69-9F902F2A9BA4}.Debug|Any CPU.Build.0 = Debug|Any CPU
		{523DFAB4-8852-45DA-AE69-9F902F2A9BA4}.Release|Any CPU.ActiveCfg = Release|Any CPU
		{523DFAB4-8852-45DA-AE69-9F902F2A9BA4}.Release|Any CPU.Build.0 = Release|Any CPU
		{DF3D2918-5116-4A16-95A1-190F94D720D6}.Debug|Any CPU.ActiveCfg = Debug|Any CPU
		{DF3D2918-5116-4A16-95A1-190F94D720D6}.Debug|Any CPU.Build.0 = Debug|Any CPU
		{DF3D2918-5116-4A16-95A1-190F94D720D6}.Release|Any CPU.ActiveCfg = Release|Any CPU
		{DF3D2918-5116-4A16-95A1-190F94D720D6}.Release|Any CPU.Build.0 = Release|Any CPU
	EndGlobalSection
	GlobalSection(SolutionProperties) = preSolution
		HideSolutionNode = FALSE
	EndGlobalSection
	GlobalSection(NestedProjects) = preSolution
		{D8C884BA-C9B9-4443-A7C6-2F61D4495220} = {D9DF2968-AB77-4B66-B950-563F607CF587}
		{AA6773BA-ACDE-4039-9466-7E4CA4FA0159} = {D9DF2968-AB77-4B66-B950-563F607CF587}
		{7CF625C0-543D-4553-B774-CA3E77045534} = {97B5345B-E107-4347-B09D-608663D86B61}
		{344E5502-92A4-4D54-A7D3-1BA79A1E5748} = {D8C884BA-C9B9-4443-A7C6-2F61D4495220}
		{455AB887-7DA2-4778-81A1-B6212D237B53} = {D8C884BA-C9B9-4443-A7C6-2F61D4495220}
		{E8454186-B21E-48D1-AB7E-5D4933088379} = {D8C884BA-C9B9-4443-A7C6-2F61D4495220}
		{1B45D7A8-6AA0-49FD-8FAA-F602A13942B2} = {AA6773BA-ACDE-4039-9466-7E4CA4FA0159}
		{523DFAB4-8852-45DA-AE69-9F902F2A9BA4} = {AA6773BA-ACDE-4039-9466-7E4CA4FA0159}
		{DF3D2918-5116-4A16-95A1-190F94D720D6} = {AA6773BA-ACDE-4039-9466-7E4CA4FA0159}
	EndGlobalSection
	GlobalSection(ExtensibilityGlobals) = postSolution
		SolutionGuid = {9B2E86A6-2D28-425B-B499-0248A5E4A3B4}
	EndGlobalSection
EndGlobal
